
Microsoft Visual Studio Solution File, Format Version 12.00
# Visual Studio Version 16
VisualStudioVersion = 16.0.30711.63
MinimumVisualStudioVersion = 10.0.40219.1
Project("{9A19103F-16F7-4668-BE54-9A1E7A4F7556}") = "EcoCivicsImportExportMod", "EcoCivicsImportExportMod\EcoCivicsImportExportMod.csproj", "{494C591F-1503-4E1B-8F6A-1244EFDD3094}"
EndProject
Project("{FAE04EC0-301F-11D3-BF4B-00C04F79EFBC}") = "EcoCivicsImportExportMod.Bundler", "EcoCivicsImportExportMod.Bundler\EcoCivicsImportExportMod.Bundler.csproj", "{927220AD-E5EA-4FB2-8C99-2D3DBC55174C}"
EndProject
Global
	GlobalSection(SolutionConfigurationPlatforms) = preSolution
		Debug|Any CPU = Debug|Any CPU
		Release|Any CPU = Release|Any CPU
	EndGlobalSection
	GlobalSection(ProjectConfigurationPlatforms) = postSolution
		{494C591F-1503-4E1B-8F6A-1244EFDD3094}.Debug|Any CPU.ActiveCfg = Debug|Any CPU
		{494C591F-1503-4E1B-8F6A-1244EFDD3094}.Debug|Any CPU.Build.0 = Debug|Any CPU
		{494C591F-1503-4E1B-8F6A-1244EFDD3094}.Release|Any CPU.ActiveCfg = Release|Any CPU
		{494C591F-1503-4E1B-8F6A-1244EFDD3094}.Release|Any CPU.Build.0 = Release|Any CPU
		{927220AD-E5EA-4FB2-8C99-2D3DBC55174C}.Debug|Any CPU.ActiveCfg = Debug|Any CPU
		{927220AD-E5EA-4FB2-8C99-2D3DBC55174C}.Debug|Any CPU.Build.0 = Debug|Any CPU
		{927220AD-E5EA-4FB2-8C99-2D3DBC55174C}.Release|Any CPU.ActiveCfg = Release|Any CPU
		{927220AD-E5EA-4FB2-8C99-2D3DBC55174C}.Release|Any CPU.Build.0 = Release|Any CPU
	EndGlobalSection
	GlobalSection(SolutionProperties) = preSolution
		HideSolutionNode = FALSE
	EndGlobalSection
	GlobalSection(ExtensibilityGlobals) = postSolution
		SolutionGuid = {48279F27-0E65-4350-B32C-11C3801A62B0}
	EndGlobalSection
EndGlobal
